
Microsoft Visual Studio Solution File, Format Version 12.00
# Visual Studio Version 17
VisualStudioVersion = 17.8.34525.116
MinimumVisualStudioVersion = 10.0.40219.1
Project("{FAE04EC0-301F-11D3-BF4B-00C04F79EFBC}") = "SlidingWindowMaximim", "SlidingWindowMaximim\SlidingWindowMaximim.csproj", "{39818B9B-1AEC-405A-B026-45BA97E98BFE}"
EndProject
Global
	GlobalSection(SolutionConfigurationPlatforms) = preSolution
		Debug|Any CPU = Debug|Any CPU
		Release|Any CPU = Release|Any CPU
	EndGlobalSection
	GlobalSection(ProjectConfigurationPlatforms) = postSolution
		{39818B9B-1AEC-405A-B026-45BA97E98BFE}.Debug|Any CPU.ActiveCfg = Debug|Any CPU
		{39818B9B-1AEC-405A-B026-45BA97E98BFE}.Debug|Any CPU.Build.0 = Debug|Any CPU
		{39818B9B-1AEC-405A-B026-45BA97E98BFE}.Release|Any CPU.ActiveCfg = Release|Any CPU
		{39818B9B-1AEC-405A-B026-45BA97E98BFE}.Release|Any CPU.Build.0 = Release|Any CPU
	EndGlobalSection
	GlobalSection(SolutionProperties) = preSolution
		HideSolutionNode = FALSE
	EndGlobalSection
	GlobalSection(ExtensibilityGlobals) = postSolution
		SolutionGuid = {B7B1CE30-CABF-44FC-923A-1B5E3EC7CB13}
	EndGlobalSection
EndGlobal
