
Microsoft Visual Studio Solution File, Format Version 12.00
# Visual Studio Version 17
VisualStudioVersion = 17.8.34525.116
MinimumVisualStudioVersion = 10.0.40219.1
Project("{FAE04EC0-301F-11D3-BF4B-00C04F79EFBC}") = "DuplicateZeros", "DuplicateZeros\DuplicateZeros.csproj", "{EB2B7F3D-10BE-45E9-B850-955BDDCB7083}"
EndProject
Global
	GlobalSection(SolutionConfigurationPlatforms) = preSolution
		Debug|Any CPU = Debug|Any CPU
		Release|Any CPU = Release|Any CPU
	EndGlobalSection
	GlobalSection(ProjectConfigurationPlatforms) = postSolution
		{EB2B7F3D-10BE-45E9-B850-955BDDCB7083}.Debug|Any CPU.ActiveCfg = Debug|Any CPU
		{EB2B7F3D-10BE-45E9-B850-955BDDCB7083}.Debug|Any CPU.Build.0 = Debug|Any CPU
		{EB2B7F3D-10BE-45E9-B850-955BDDCB7083}.Release|Any CPU.ActiveCfg = Release|Any CPU
		{EB2B7F3D-10BE-45E9-B850-955BDDCB7083}.Release|Any CPU.Build.0 = Release|Any CPU
	EndGlobalSection
	GlobalSection(SolutionProperties) = preSolution
		HideSolutionNode = FALSE
	EndGlobalSection
	GlobalSection(ExtensibilityGlobals) = postSolution
		SolutionGuid = {B50533EF-D314-422A-A033-36D69B3603E7}
	EndGlobalSection
EndGlobal
