
Microsoft Visual Studio Solution File, Format Version 12.00
# Visual Studio Version 17
VisualStudioVersion = 17.8.34525.116
MinimumVisualStudioVersion = 10.0.40219.1
Project("{FAE04EC0-301F-11D3-BF4B-00C04F79EFBC}") = "MinimumWindowSubstring", "MinimumWindowSubstring\MinimumWindowSubstring.csproj", "{F6518EAE-C0D0-45DF-A440-13DE57D461F7}"
EndProject
Global
	GlobalSection(SolutionConfigurationPlatforms) = preSolution
		Debug|Any CPU = Debug|Any CPU
		Release|Any CPU = Release|Any CPU
	EndGlobalSection
	GlobalSection(ProjectConfigurationPlatforms) = postSolution
		{F6518EAE-C0D0-45DF-A440-13DE57D461F7}.Debug|Any CPU.ActiveCfg = Debug|Any CPU
		{F6518EAE-C0D0-45DF-A440-13DE57D461F7}.Debug|Any CPU.Build.0 = Debug|Any CPU
		{F6518EAE-C0D0-45DF-A440-13DE57D461F7}.Release|Any CPU.ActiveCfg = Release|Any CPU
		{F6518EAE-C0D0-45DF-A440-13DE57D461F7}.Release|Any CPU.Build.0 = Release|Any CPU
	EndGlobalSection
	GlobalSection(SolutionProperties) = preSolution
		HideSolutionNode = FALSE
	EndGlobalSection
	GlobalSection(ExtensibilityGlobals) = postSolution
		SolutionGuid = {689912BE-0428-4962-AECC-8E115644437F}
	EndGlobalSection
EndGlobal
