
Microsoft Visual Studio Solution File, Format Version 12.00
# Visual Studio Version 17
VisualStudioVersion = 17.8.34525.116
MinimumVisualStudioVersion = 10.0.40219.1
Project("{FAE04EC0-301F-11D3-BF4B-00C04F79EFBC}") = "ReverseOnlyLetters", "ReverseOnlyLetters\ReverseOnlyLetters.csproj", "{64C30472-D599-4D17-A37B-92140CEEBD28}"
EndProject
Global
	GlobalSection(SolutionConfigurationPlatforms) = preSolution
		Debug|Any CPU = Debug|Any CPU
		Release|Any CPU = Release|Any CPU
	EndGlobalSection
	GlobalSection(ProjectConfigurationPlatforms) = postSolution
		{64C30472-D599-4D17-A37B-92140CEEBD28}.Debug|Any CPU.ActiveCfg = Debug|Any CPU
		{64C30472-D599-4D17-A37B-92140CEEBD28}.Debug|Any CPU.Build.0 = Debug|Any CPU
		{64C30472-D599-4D17-A37B-92140CEEBD28}.Release|Any CPU.ActiveCfg = Release|Any CPU
		{64C30472-D599-4D17-A37B-92140CEEBD28}.Release|Any CPU.Build.0 = Release|Any CPU
	EndGlobalSection
	GlobalSection(SolutionProperties) = preSolution
		HideSolutionNode = FALSE
	EndGlobalSection
	GlobalSection(ExtensibilityGlobals) = postSolution
		SolutionGuid = {92C4EB72-E818-491B-BFA9-5B413174B0F2}
	EndGlobalSection
EndGlobal
