
Microsoft Visual Studio Solution File, Format Version 12.00
# Visual Studio Version 17
VisualStudioVersion = 17.8.34525.116
MinimumVisualStudioVersion = 10.0.40219.1
Project("{FAE04EC0-301F-11D3-BF4B-00C04F79EFBC}") = "BoatsToSavePeople", "BoatsToSavePeople\BoatsToSavePeople.csproj", "{02B2700C-D0BA-413A-B852-A8F4053595CB}"
EndProject
Global
	GlobalSection(SolutionConfigurationPlatforms) = preSolution
		Debug|Any CPU = Debug|Any CPU
		Release|Any CPU = Release|Any CPU
	EndGlobalSection
	GlobalSection(ProjectConfigurationPlatforms) = postSolution
		{02B2700C-D0BA-413A-B852-A8F4053595CB}.Debug|Any CPU.ActiveCfg = Debug|Any CPU
		{02B2700C-D0BA-413A-B852-A8F4053595CB}.Debug|Any CPU.Build.0 = Debug|Any CPU
		{02B2700C-D0BA-413A-B852-A8F4053595CB}.Release|Any CPU.ActiveCfg = Release|Any CPU
		{02B2700C-D0BA-413A-B852-A8F4053595CB}.Release|Any CPU.Build.0 = Release|Any CPU
	EndGlobalSection
	GlobalSection(SolutionProperties) = preSolution
		HideSolutionNode = FALSE
	EndGlobalSection
	GlobalSection(ExtensibilityGlobals) = postSolution
		SolutionGuid = {1A51AE3B-678C-4622-B538-5064E0860EDD}
	EndGlobalSection
EndGlobal
