
Microsoft Visual Studio Solution File, Format Version 12.00
# Visual Studio Version 17
VisualStudioVersion = 17.8.34525.116
MinimumVisualStudioVersion = 10.0.40219.1
Project("{FAE04EC0-301F-11D3-BF4B-00C04F79EFBC}") = "SortArrayByParity", "SortArrayByParity\SortArrayByParity.csproj", "{30EBA4F0-352F-4E41-845B-B3823F4430B8}"
EndProject
Global
	GlobalSection(SolutionConfigurationPlatforms) = preSolution
		Debug|Any CPU = Debug|Any CPU
		Release|Any CPU = Release|Any CPU
	EndGlobalSection
	GlobalSection(ProjectConfigurationPlatforms) = postSolution
		{30EBA4F0-352F-4E41-845B-B3823F4430B8}.Debug|Any CPU.ActiveCfg = Debug|Any CPU
		{30EBA4F0-352F-4E41-845B-B3823F4430B8}.Debug|Any CPU.Build.0 = Debug|Any CPU
		{30EBA4F0-352F-4E41-845B-B3823F4430B8}.Release|Any CPU.ActiveCfg = Release|Any CPU
		{30EBA4F0-352F-4E41-845B-B3823F4430B8}.Release|Any CPU.Build.0 = Release|Any CPU
	EndGlobalSection
	GlobalSection(SolutionProperties) = preSolution
		HideSolutionNode = FALSE
	EndGlobalSection
	GlobalSection(ExtensibilityGlobals) = postSolution
		SolutionGuid = {5BAE5EA1-A584-45FF-AC7D-062FEE21CCA0}
	EndGlobalSection
EndGlobal
